
Microsoft Visual Studio Solution File, Format Version 12.00
# Visual Studio Version 17
VisualStudioVersion = 17.5.33530.505
MinimumVisualStudioVersion = 10.0.40219.1
Project("{8BC9CEB8-8B4A-11D0-8D11-00A0C91BC942}") = "homework1306", "homework1306\homework1306.vcxproj", "{9E46DD10-1406-4691-8095-B656C7D140DD}"
EndProject
Global
	GlobalSection(SolutionConfigurationPlatforms) = preSolution
		Debug|x64 = Debug|x64
		Debug|x86 = Debug|x86
		Release|x64 = Release|x64
		Release|x86 = Release|x86
	EndGlobalSection
	GlobalSection(ProjectConfigurationPlatforms) = postSolution
		{9E46DD10-1406-4691-8095-B656C7D140DD}.Debug|x64.ActiveCfg = Debug|x64
		{9E46DD10-1406-4691-8095-B656C7D140DD}.Debug|x64.Build.0 = Debug|x64
		{9E46DD10-1406-4691-8095-B656C7D140DD}.Debug|x86.ActiveCfg = Debug|Win32
		{9E46DD10-1406-4691-8095-B656C7D140DD}.Debug|x86.Build.0 = Debug|Win32
		{9E46DD10-1406-4691-8095-B656C7D140DD}.Release|x64.ActiveCfg = Release|x64
		{9E46DD10-1406-4691-8095-B656C7D140DD}.Release|x64.Build.0 = Release|x64
		{9E46DD10-1406-4691-8095-B656C7D140DD}.Release|x86.ActiveCfg = Release|Win32
		{9E46DD10-1406-4691-8095-B656C7D140DD}.Release|x86.Build.0 = Release|Win32
	EndGlobalSection
	GlobalSection(SolutionProperties) = preSolution
		HideSolutionNode = FALSE
	EndGlobalSection
	GlobalSection(ExtensibilityGlobals) = postSolution
		SolutionGuid = {8CBEFC02-7FC9-4603-8123-150B3F51A887}
	EndGlobalSection
EndGlobal
